Microsoft Visual Studio Solution File, Format Version 12.00
# Visual Studio 15
VisualStudioVersion = 15.0.26430.4
MinimumVisualStudioVersion = 10.0.40219.1
Project("{9A19103F-16F7-4668-BE54-9A1E7A4F7556}") = "Ofl.Google.Places.DependencyInjection.Autofac", "src\Ofl.Google.Places.DependencyInjection.Autofac\Ofl.Google.Places.DependencyInjection.Autofac.csproj", "{58695E92-1230-4DA7-B826-CB58A942F277}"
EndProject
Project("{2150E333-8FDC-42A3-9474-1A3956D46DE8}") = "src", "src", "{F39EA3E6-DB6F-4772-841B-ABF541936D0B}"
EndProject
Project("{2150E333-8FDC-42A3-9474-1A3956D46DE8}") = "test", "test", "{76A7F964-EBB3-416A-9A89-40B333E08315}"
EndProject
Project("{9A19103F-16F7-4668-BE54-9A1E7A4F7556}") = "Ofl.Google.Places.DependencyInjection.Autofac.Tests", "test\Ofl.Google.Places.DependencyInjection.Autofac.Tests\Ofl.Google.Places.DependencyInjection.Autofac.Tests.csproj", "{D0A8D8F9-C4FF-4822-8738-324CB9BE3DCA}"
EndProject
Global
	GlobalSection(SolutionConfigurationPlatforms) = preSolution
		Debug|Any CPU = Debug|Any CPU
		Release|Any CPU = Release|Any CPU
	EndGlobalSection
	GlobalSection(ProjectConfigurationPlatforms) = postSolution
		{58695E92-1230-4DA7-B826-CB58A942F277}.Debug|Any CPU.ActiveCfg = Debug|Any CPU
		{58695E92-1230-4DA7-B826-CB58A942F277}.Debug|Any CPU.Build.0 = Debug|Any CPU
		{58695E92-1230-4DA7-B826-CB58A942F277}.Release|Any CPU.ActiveCfg = Release|Any CPU
		{58695E92-1230-4DA7-B826-CB58A942F277}.Release|Any CPU.Build.0 = Release|Any CPU
		{D0A8D8F9-C4FF-4822-8738-324CB9BE3DCA}.Debug|Any CPU.ActiveCfg = Debug|Any CPU
		{D0A8D8F9-C4FF-4822-8738-324CB9BE3DCA}.Debug|Any CPU.Build.0 = Debug|Any CPU
		{D0A8D8F9-C4FF-4822-8738-324CB9BE3DCA}.Release|Any CPU.ActiveCfg = Release|Any CPU
		{D0A8D8F9-C4FF-4822-8738-324CB9BE3DCA}.Release|Any CPU.Build.0 = Release|Any CPU
	EndGlobalSection
	GlobalSection(SolutionProperties) = preSolution
		HideSolutionNode = FALSE
	EndGlobalSection
	GlobalSection(NestedProjects) = preSolution
		{58695E92-1230-4DA7-B826-CB58A942F277} = {F39EA3E6-DB6F-4772-841B-ABF541936D0B}
		{D0A8D8F9-C4FF-4822-8738-324CB9BE3DCA} = {76A7F964-EBB3-416A-9A89-40B333E08315}
	EndGlobalSection
EndGlobal
